
Microsoft Visual Studio Solution File, Format Version 12.00
# Visual Studio Version 17
VisualStudioVersion = 17.2.32602.215
MinimumVisualStudioVersion = 10.0.40219.1
Project("{FAE04EC0-301F-11D3-BF4B-00C04F79EFBC}") = "MethodOverload", "MethodOverload\MethodOverload.csproj", "{333D4D4F-A22D-424D-A3D0-F4E26198FB42}"
EndProject
Global
	GlobalSection(SolutionConfigurationPlatforms) = preSolution
		Debug|Any CPU = Debug|Any CPU
		Release|Any CPU = Release|Any CPU
	EndGlobalSection
	GlobalSection(ProjectConfigurationPlatforms) = postSolution
		{333D4D4F-A22D-424D-A3D0-F4E26198FB42}.Debug|Any CPU.ActiveCfg = Debug|Any CPU
		{333D4D4F-A22D-424D-A3D0-F4E26198FB42}.Debug|Any CPU.Build.0 = Debug|Any CPU
		{333D4D4F-A22D-424D-A3D0-F4E26198FB42}.Release|Any CPU.ActiveCfg = Release|Any CPU
		{333D4D4F-A22D-424D-A3D0-F4E26198FB42}.Release|Any CPU.Build.0 = Release|Any CPU
	EndGlobalSection
	GlobalSection(SolutionProperties) = preSolution
		HideSolutionNode = FALSE
	EndGlobalSection
	GlobalSection(ExtensibilityGlobals) = postSolution
		SolutionGuid = {C86A1A20-ED44-48F6-8120-A6E3491E3C79}
	EndGlobalSection
EndGlobal
